
Microsoft Visual Studio Solution File, Format Version 12.00
# Visual Studio 15
VisualStudioVersion = 15.0.28307.271
MinimumVisualStudioVersion = 10.0.40219.1
Project("{2150E333-8FDC-42A3-9474-1A3956D46DE8}") = "01 - Olgado.Domain", "01 - Olgado.Domain", "{17BBCD03-55C9-4646-95B9-AF613FA556CB}"
EndProject
Project("{2150E333-8FDC-42A3-9474-1A3956D46DE8}") = "03 - Olgado.Infra", "03 - Olgado.Infra", "{954C1B68-F058-494F-A336-558A393AE34D}"
EndProject
Project("{9A19103F-16F7-4668-BE54-9A1E7A4F7556}") = "Olgado.Domain", "Olgado.Domain\Olgado.Domain.csproj", "{08CCC40D-A63A-4EDA-B37A-A1DB7960745B}"
EndProject
Project("{9A19103F-16F7-4668-BE54-9A1E7A4F7556}") = "Olgado.Infra", "Olgado.Infra\Olgado.Infra.csproj", "{7B0DF4B3-6D1D-4361-BF25-B422D599F518}"
EndProject
Project("{2150E333-8FDC-42A3-9474-1A3956D46DE8}") = "02 - Olgado.Shared", "02 - Olgado.Shared", "{F49284CD-3727-4C30-82CA-30AEF54D14A0}"
EndProject
Project("{FAE04EC0-301F-11D3-BF4B-00C04F79EFBC}") = "Olgado.Shared", "Olgado.Shared\Olgado.Shared.csproj", "{A191E0C5-163B-4070-863F-2E561E6A5F04}"
EndProject
Project("{2150E333-8FDC-42A3-9474-1A3956D46DE8}") = "04 - Olgado.Api", "04 - Olgado.Api", "{21232B24-0183-4E60-93B9-3671A9575FF1}"
EndProject
Project("{FAE04EC0-301F-11D3-BF4B-00C04F79EFBC}") = "OlgadoApi", "OlgadoApi\OlgadoApi.csproj", "{F3C20683-BC80-4664-A8C0-D46B836CDECF}"
EndProject
Project("{2150E333-8FDC-42A3-9474-1A3956D46DE8}") = "05 - Olgado.Web", "05 - Olgado.Web", "{EE22EAC5-7DF7-43CF-97A0-515654519223}"
EndProject
Project("{FAE04EC0-301F-11D3-BF4B-00C04F79EFBC}") = "OlgadoUI", "OlgadoUI\OlgadoUI.csproj", "{37BBA630-8BDB-4DC9-B46E-ED13BEC1E50E}"
EndProject
Global
	GlobalSection(SolutionConfigurationPlatforms) = preSolution
		Debug|Any CPU = Debug|Any CPU
		Release|Any CPU = Release|Any CPU
	EndGlobalSection
	GlobalSection(ProjectConfigurationPlatforms) = postSolution
		{08CCC40D-A63A-4EDA-B37A-A1DB7960745B}.Debug|Any CPU.ActiveCfg = Debug|Any CPU
		{08CCC40D-A63A-4EDA-B37A-A1DB7960745B}.Debug|Any CPU.Build.0 = Debug|Any CPU
		{08CCC40D-A63A-4EDA-B37A-A1DB7960745B}.Release|Any CPU.ActiveCfg = Release|Any CPU
		{08CCC40D-A63A-4EDA-B37A-A1DB7960745B}.Release|Any CPU.Build.0 = Release|Any CPU
		{7B0DF4B3-6D1D-4361-BF25-B422D599F518}.Debug|Any CPU.ActiveCfg = Debug|Any CPU
		{7B0DF4B3-6D1D-4361-BF25-B422D599F518}.Debug|Any CPU.Build.0 = Debug|Any CPU
		{7B0DF4B3-6D1D-4361-BF25-B422D599F518}.Release|Any CPU.ActiveCfg = Release|Any CPU
		{7B0DF4B3-6D1D-4361-BF25-B422D599F518}.Release|Any CPU.Build.0 = Release|Any CPU
		{A191E0C5-163B-4070-863F-2E561E6A5F04}.Debug|Any CPU.ActiveCfg = Debug|Any CPU
		{A191E0C5-163B-4070-863F-2E561E6A5F04}.Debug|Any CPU.Build.0 = Debug|Any CPU
		{A191E0C5-163B-4070-863F-2E561E6A5F04}.Release|Any CPU.ActiveCfg = Release|Any CPU
		{A191E0C5-163B-4070-863F-2E561E6A5F04}.Release|Any CPU.Build.0 = Release|Any CPU
		{F3C20683-BC80-4664-A8C0-D46B836CDECF}.Debug|Any CPU.ActiveCfg = Debug|Any CPU
		{F3C20683-BC80-4664-A8C0-D46B836CDECF}.Debug|Any CPU.Build.0 = Debug|Any CPU
		{F3C20683-BC80-4664-A8C0-D46B836CDECF}.Release|Any CPU.ActiveCfg = Release|Any CPU
		{F3C20683-BC80-4664-A8C0-D46B836CDECF}.Release|Any CPU.Build.0 = Release|Any CPU
		{37BBA630-8BDB-4DC9-B46E-ED13BEC1E50E}.Debug|Any CPU.ActiveCfg = Debug|Any CPU
		{37BBA630-8BDB-4DC9-B46E-ED13BEC1E50E}.Debug|Any CPU.Build.0 = Debug|Any CPU
		{37BBA630-8BDB-4DC9-B46E-ED13BEC1E50E}.Release|Any CPU.ActiveCfg = Release|Any CPU
		{37BBA630-8BDB-4DC9-B46E-ED13BEC1E50E}.Release|Any CPU.Build.0 = Release|Any CPU
	EndGlobalSection
	GlobalSection(SolutionProperties) = preSolution
		HideSolutionNode = FALSE
	EndGlobalSection
	GlobalSection(NestedProjects) = preSolution
		{08CCC40D-A63A-4EDA-B37A-A1DB7960745B} = {17BBCD03-55C9-4646-95B9-AF613FA556CB}
		{7B0DF4B3-6D1D-4361-BF25-B422D599F518} = {954C1B68-F058-494F-A336-558A393AE34D}
		{A191E0C5-163B-4070-863F-2E561E6A5F04} = {F49284CD-3727-4C30-82CA-30AEF54D14A0}
		{F3C20683-BC80-4664-A8C0-D46B836CDECF} = {21232B24-0183-4E60-93B9-3671A9575FF1}
		{37BBA630-8BDB-4DC9-B46E-ED13BEC1E50E} = {EE22EAC5-7DF7-43CF-97A0-515654519223}
	EndGlobalSection
	GlobalSection(ExtensibilityGlobals) = postSolution
		SolutionGuid = {C7B197F3-ADD8-4809-9708-A049E99A2BBE}
	EndGlobalSection
EndGlobal
