
Microsoft Visual Studio Solution File, Format Version 12.00
# Visual Studio 15
VisualStudioVersion = 15.0.28307.271
MinimumVisualStudioVersion = 10.0.40219.1
Project("{2150E333-8FDC-42A3-9474-1A3956D46DE8}") = "02-Olgado.Domain", "02-Olgado.Domain", "{17BBCD03-55C9-4646-95B9-AF613FA556CB}"
EndProject
Project("{2150E333-8FDC-42A3-9474-1A3956D46DE8}") = "01-Olgado.Shared", "01-Olgado.Shared", "{6CED499F-AA9E-495F-9414-669BCAB28BD0}"
EndProject
Project("{2150E333-8FDC-42A3-9474-1A3956D46DE8}") = "03-Olgado.Infra", "03-Olgado.Infra", "{954C1B68-F058-494F-A336-558A393AE34D}"
EndProject
Project("{2150E333-8FDC-42A3-9474-1A3956D46DE8}") = "04-Olgafo.Api", "04-Olgafo.Api", "{07BC854E-8745-4A4D-8BA2-7A17CDE3833A}"
EndProject
Project("{FAE04EC0-301F-11D3-BF4B-00C04F79EFBC}") = "Olgado.Shared", "Olgado.Shared\Olgado.Shared.csproj", "{A4D80FE3-4755-4202-89C1-01B7C1E4A7F6}"
EndProject
Project("{FAE04EC0-301F-11D3-BF4B-00C04F79EFBC}") = "Olgado.Domain", "Olgado.Domain\Olgado.Domain.csproj", "{08CCC40D-A63A-4EDA-B37A-A1DB7960745B}"
EndProject
Project("{FAE04EC0-301F-11D3-BF4B-00C04F79EFBC}") = "Olgado.Infra", "Olgado.Infra\Olgado.Infra.csproj", "{7B0DF4B3-6D1D-4361-BF25-B422D599F518}"
EndProject
Project("{FAE04EC0-301F-11D3-BF4B-00C04F79EFBC}") = "Olgado.Api", "Olgado.Api\Olgado.Api.csproj", "{8CD44255-F135-4449-B40F-1543B73616F0}"
EndProject
Global
	GlobalSection(SolutionConfigurationPlatforms) = preSolution
		Debug|Any CPU = Debug|Any CPU
		Release|Any CPU = Release|Any CPU
	EndGlobalSection
	GlobalSection(ProjectConfigurationPlatforms) = postSolution
		{A4D80FE3-4755-4202-89C1-01B7C1E4A7F6}.Debug|Any CPU.ActiveCfg = Debug|Any CPU
		{A4D80FE3-4755-4202-89C1-01B7C1E4A7F6}.Debug|Any CPU.Build.0 = Debug|Any CPU
		{A4D80FE3-4755-4202-89C1-01B7C1E4A7F6}.Release|Any CPU.ActiveCfg = Release|Any CPU
		{A4D80FE3-4755-4202-89C1-01B7C1E4A7F6}.Release|Any CPU.Build.0 = Release|Any CPU
		{08CCC40D-A63A-4EDA-B37A-A1DB7960745B}.Debug|Any CPU.ActiveCfg = Debug|Any CPU
		{08CCC40D-A63A-4EDA-B37A-A1DB7960745B}.Debug|Any CPU.Build.0 = Debug|Any CPU
		{08CCC40D-A63A-4EDA-B37A-A1DB7960745B}.Release|Any CPU.ActiveCfg = Release|Any CPU
		{08CCC40D-A63A-4EDA-B37A-A1DB7960745B}.Release|Any CPU.Build.0 = Release|Any CPU
		{7B0DF4B3-6D1D-4361-BF25-B422D599F518}.Debug|Any CPU.ActiveCfg = Debug|Any CPU
		{7B0DF4B3-6D1D-4361-BF25-B422D599F518}.Debug|Any CPU.Build.0 = Debug|Any CPU
		{7B0DF4B3-6D1D-4361-BF25-B422D599F518}.Release|Any CPU.ActiveCfg = Release|Any CPU
		{7B0DF4B3-6D1D-4361-BF25-B422D599F518}.Release|Any CPU.Build.0 = Release|Any CPU
		{8CD44255-F135-4449-B40F-1543B73616F0}.Debug|Any CPU.ActiveCfg = Debug|Any CPU
		{8CD44255-F135-4449-B40F-1543B73616F0}.Debug|Any CPU.Build.0 = Debug|Any CPU
		{8CD44255-F135-4449-B40F-1543B73616F0}.Release|Any CPU.ActiveCfg = Release|Any CPU
		{8CD44255-F135-4449-B40F-1543B73616F0}.Release|Any CPU.Build.0 = Release|Any CPU
	EndGlobalSection
	GlobalSection(SolutionProperties) = preSolution
		HideSolutionNode = FALSE
	EndGlobalSection
	GlobalSection(NestedProjects) = preSolution
		{A4D80FE3-4755-4202-89C1-01B7C1E4A7F6} = {6CED499F-AA9E-495F-9414-669BCAB28BD0}
		{08CCC40D-A63A-4EDA-B37A-A1DB7960745B} = {17BBCD03-55C9-4646-95B9-AF613FA556CB}
		{7B0DF4B3-6D1D-4361-BF25-B422D599F518} = {954C1B68-F058-494F-A336-558A393AE34D}
		{8CD44255-F135-4449-B40F-1543B73616F0} = {07BC854E-8745-4A4D-8BA2-7A17CDE3833A}
	EndGlobalSection
	GlobalSection(ExtensibilityGlobals) = postSolution
		SolutionGuid = {C7B197F3-ADD8-4809-9708-A049E99A2BBE}
	EndGlobalSection
EndGlobal
